{
  "name": "visualprogramming",
  "lockfileVersion": 3,
  "requires": true,
  "packages": {
    "": {
      "dependencies": {
        "google-closure-library": "^20230206.0.0"
      }
    },
    "node_modules/google-closure-library": {
      "version": "20230206.0.0",
      "resolved": "https://registry.npmjs.org/google-closure-library/-/google-closure-library-20230206.0.0.tgz",
      "integrity": "sha512-pNEKfjaiEz+cIAeG8WhZi74AB+ND2xAc1PtKxNO072oPcmp4vUQ6OPjf9G7R+w5SeNzSQ4t1JY4hJzHJgP3piw=="
    }
  }
}
